// !$*UTF8*$!
{
	archiveVersion = 1;
	classes = {
	};
	objectVersion = 50;
	objects = {

/* Begin PBXBuildFile section */
		156C65562812E4A700B1E234 /* AppDelegate.swift in Sources */ = {isa = PBXBuildFile; fileRef = 156C65552812E4A700B1E234 /* AppDelegate.swift */; };
		156C65582812E4A700B1E234 /* SceneDelegate.swift in Sources */ = {isa = PBXBuildFile; fileRef = 156C65572812E4A700B1E234 /* SceneDelegate.swift */; };
		156C655A2812E4A700B1E234 /* ViewController.swift in Sources */ = {isa = PBXBuildFile; fileRef = 156C65592812E4A700B1E234 /* ViewController.swift */; };
		156C655D2812E4A700B1E234 /* Main.storyboard in Resources */ = {isa = PBXBuildFile; fileRef = 156C655B2812E4A700B1E234 /* Main.storyboard */; };
		156C655F2812E4B600B1E234 /* Assets.xcassets in Resources */ = {isa = PBXBuildFile; fileRef = 156C655E2812E4B600B1E234 /* Assets.xcassets */; };
		156C65622812E4B600B1E234 /* LaunchScreen.storyboard in Resources */ = {isa = PBXBuildFile; fileRef = 156C65602812E4B600B1E234 /* LaunchScreen.storyboard */; };
		156C656A28130F2500B1E234 /* Manager.swift in Sources */ = {isa = PBXBuildFile; fileRef = 156C656928130F2500B1E234 /* Manager.swift */; };
/* End PBXBuildFile section */

/* Begin PBXFileReference section */
		156C65522812E4A700B1E234 /* Quads.app */ = {isa = PBXFileReference; explicitFileType = wrapper.application; includeInIndex = 0; path = Quads.app; sourceTree = BUILT_PRODUCTS_DIR; };
		156C65552812E4A700B1E234 /* AppDelegate.swift */ = {isa = PBXFileReference; lastKnownFileType = sourcecode.swift; path = AppDelegate.swift; sourceTree = "<group>"; };
		156C65572812E4A700B1E234 /* SceneDelegate.swift */ = {isa = PBXFileReference; lastKnownFileType = sourcecode.swift; path = SceneDelegate.swift; sourceTree = "<group>"; };
		156C65592812E4A700B1E234 /* ViewController.swift */ = {isa = PBXFileReference; lastKnownFileType = sourcecode.swift; path = ViewController.swift; sourceTree = "<group>"; };
		156C655C2812E4A700B1E234 /* Base */ = {isa = PBXFileReference; lastKnownFileType = file.storyboard; name = Base; path = Base.lproj/Main.storyboard; sourceTree = "<group>"; };
		156C655E2812E4B600B1E234 /* Assets.xcassets */ = {isa = PBXFileReference; lastKnownFileType = folder.assetcatalog; path = Assets.xcassets; sourceTree = "<group>"; };
		156C65612812E4B600B1E234 /* Base */ = {isa = PBXFileReference; lastKnownFileType = file.storyboard; name = Base; path = Base.lproj/LaunchScreen.storyboard; sourceTree = "<group>"; };
		156C65632812E4B600B1E234 /* Info.plist */ = {isa = PBXFileReference; lastKnownFileType = text.plist.xml; path = Info.plist; sourceTree = "<group>"; };
		156C656928130F2500B1E234 /* Manager.swift */ = {isa = PBXFileReference; lastKnownFileType = sourcecode.swift; path = Manager.swift; sourceTree = "<group>"; };
/* End PBXFileReference section */

/* Begin PBXFrameworksBuildPhase section */
		156C654F2812E4A700B1E234 /* Frameworks */ = {
			isa = PBXFrameworksBuildPhase;
			buildActionMask = 2147483647;
			files = (
			);
			runOnlyForDeploymentPostprocessing = 0;
		};
/* End PBXFrameworksBuildPhase section */

/* Begin PBXGroup section */
		156C65492812E4A700B1E234 = {
			isa = PBXGroup;
			children = (
				156C65542812E4A700B1E234 /* Quads */,
				156C65532812E4A700B1E234 /* Products */,
			);
			sourceTree = "<group>";
		};
		156C65532812E4A700B1E234 /* Products */ = {
			isa = PBXGroup;
			children = (
				156C65522812E4A700B1E234 /* Quads.app */,
			);
			name = Products;
			sourceTree = "<group>";
		};
		156C65542812E4A700B1E234 /* Quads */ = {
			isa = PBXGroup;
			children = (
				156C65552812E4A700B1E234 /* AppDelegate.swift */,
				156C65572812E4A700B1E234 /* SceneDelegate.swift */,
				156C65592812E4A700B1E234 /* ViewController.swift */,
				156C655B2812E4A700B1E234 /* Main.storyboard */,
				156C655E2812E4B600B1E234 /* Assets.xcassets */,
				156C65602812E4B600B1E234 /* LaunchScreen.storyboard */,
				156C65632812E4B600B1E234 /* Info.plist */,
				156C656928130F2500B1E234 /* Manager.swift */,
			);
			path = Quads;
			sourceTree = "<group>";
		};
/* End PBXGroup section */

/* Begin PBXNativeTarget section */
		156C65512812E4A700B1E234 /* Quads */ = {
			isa = PBXNativeTarget;
			buildConfigurationList = 156C65662812E4B600B1E234 /* Build configuration list for PBXNativeTarget "Quads" */;
			buildPhases = (
				156C654E2812E4A700B1E234 /* Sources */,
				156C654F2812E4A700B1E234 /* Frameworks */,
				156C65502812E4A700B1E234 /* Resources */,
			);
			buildRules = (
			);
			dependencies = (
			);
			name = Quads;
			productName = Quads;
			productReference = 156C65522812E4A700B1E234 /* Quads.app */;
			productType = "com.apple.product-type.application";
		};
/* End PBXNativeTarget section */

/* Begin PBXProject section */
		156C654A2812E4A700B1E234 /* Project object */ = {
			isa = PBXProject;
			attributes = {
				LastSwiftUpdateCheck = 1250;
				LastUpgradeCheck = 1250;
				TargetAttributes = {
					156C65512812E4A700B1E234 = {
						CreatedOnToolsVersion = 12.5.1;
					};
				};
			};
			buildConfigurationList = 156C654D2812E4A700B1E234 /* Build configuration list for PBXProject "Quads" */;
			compatibilityVersion = "Xcode 9.3";
			developmentRegion = en;
			hasScannedForEncodings = 0;
			knownRegions = (
				en,
				Base,
			);
			mainGroup = 156C65492812E4A700B1E234;
			productRefGroup = 156C65532812E4A700B1E234 /* Products */;
			projectDirPath = "";
			projectRoot = "";
			targets = (
				156C65512812E4A700B1E234 /* Quads */,
			);
		};
/* End PBXProject section */

/* Begin PBXResourcesBuildPhase section */
		156C65502812E4A700B1E234 /* Resources */ = {
			isa = PBXResourcesBuildPhase;
			buildActionMask = 2147483647;
			files = (
				156C65622812E4B600B1E234 /* LaunchScreen.storyboard in Resources */,
				156C655F2812E4B600B1E234 /* Assets.xcassets in Resources */,
				156C655D2812E4A700B1E234 /* Main.storyboard in Resources */,
			);
			runOnlyForDeploymentPostprocessing = 0;
		};
/* End PBXResourcesBuildPhase section */

/* Begin PBXSourcesBuildPhase section */
		156C654E2812E4A700B1E234 /* Sources */ = {
			isa = PBXSourcesBuildPhase;
			buildActionMask = 2147483647;
			files = (
				156C655A2812E4A700B1E234 /* ViewController.swift in Sources */,
				156C65562812E4A700B1E234 /* AppDelegate.swift in Sources */,
				156C65582812E4A700B1E234 /* SceneDelegate.swift in Sources */,
				156C656A28130F2500B1E234 /* Manager.swift in Sources */,
			);
			runOnlyForDeploymentPostprocessing = 0;
		};
/* End PBXSourcesBuildPhase section */

/* Begin PBXVariantGroup section */
		156C655B2812E4A700B1E234 /* Main.storyboard */ = {
			isa = PBXVariantGroup;
			children = (
				156C655C2812E4A700B1E234 /* Base */,
			);
			name = Main.storyboard;
			sourceTree = "<group>";
		};
		156C65602812E4B600B1E234 /* LaunchScreen.storyboard */ = {
			isa = PBXVariantGroup;
			children = (
				156C65612812E4B600B1E234 /* Base */,
			);
			name = LaunchScreen.storyboard;
			sourceTree = "<group>";
		};
/* End PBXVariantGroup section */

/* Begin XCBuildConfiguration section */
		156C65642812E4B600B1E234 /* Debug */ = {
			isa = XCBuildConfiguration;
			buildSettings = {
				ALWAYS_SEARCH_USER_PATHS = NO;
				CLANG_ANALYZER_NONNULL = YES;
				CLANG_ANALYZER_NUMBER_OBJECT_CONVERSION = YES_AGGRESSIVE;
				CLANG_CXX_LANGUAGE_STANDARD = "gnu++14";
				CLANG_CXX_LIBRARY = "libc++";
				CLANG_ENABLE_MODULES = YES;
				CLANG_ENABLE_OBJC_ARC = YES;
				CLANG_ENABLE_OBJC_WEAK = YES;
				CLANG_WARN_BLOCK_CAPTURE_AUTORELEASING = YES;
				CLANG_WARN_BOOL_CONVERSION = YES;
				CLANG_WARN_COMMA = YES;
				CLANG_WARN_CONSTANT_CONVERSION = YES;
				CLANG_WARN_DEPRECATED_OBJC_IMPLEMENTATIONS = YES;
				CLANG_WARN_DIRECT_OBJC_ISA_USAGE = YES_ERROR;
				CLANG_WARN_DOCUMENTATION_COMMENTS = YES;
				CLANG_WARN_EMPTY_BODY = YES;
				CLANG_WARN_ENUM_CONVERSION = YES;
				CLANG_WARN_INFINITE_RECURSION = YES;
				CLANG_WARN_INT_CONVERSION = YES;
				CLANG_WARN_NON_LITERAL_NULL_CONVERSION = YES;
				CLANG_WARN_OBJC_IMPLICIT_RETAIN_SELF = YES;
				CLANG_WARN_OBJC_LITERAL_CONVERSION = YES;
				CLANG_WARN_OBJC_ROOT_CLASS = YES_ERROR;
				CLANG_WARN_QUOTED_INCLUDE_IN_FRAMEWORK_HEADER = YES;
				CLANG_WARN_RANGE_LOOP_ANALYSIS = YES;
				CLANG_WARN_STRICT_PROTOTYPES = YES;
				CLANG_WARN_SUSPICIOUS_MOVE = YES;
				CLANG_WARN_UNGUARDED_AVAILABILITY = YES_AGGRESSIVE;
				CLANG_WARN_UNREACHABLE_CODE = YES;
				CLANG_WARN__DUPLICATE_METHOD_MATCH = YES;
				COPY_PHASE_STRIP = NO;
				DEBUG_INFORMATION_FORMAT = dwarf;
				ENABLE_STRICT_OBJC_MSGSEND = YES;
				ENABLE_TESTABILITY = YES;
				GCC_C_LANGUAGE_STANDARD = gnu11;
				GCC_DYNAMIC_NO_PIC = NO;
				GCC_NO_COMMON_BLOCKS = YES;
				GCC_OPTIMIZATION_LEVEL = 0;
				GCC_PREPROCESSOR_DEFINITIONS = (
					"DEBUG=1",
					"$(inherited)",
				);
				GCC_WARN_64_TO_32_BIT_CONVERSION = YES;
				GCC_WARN_ABOUT_RETURN_TYPE = YES_ERROR;
				GCC_WARN_UNDECLARED_SELECTOR = YES;
				GCC_WARN_UNINITIALIZED_AUTOS = YES_AGGRESSIVE;
				GCC_WARN_UNUSED_FUNCTION = YES;
				GCC_WARN_UNUSED_VARIABLE = YES;
				IPHONEOS_DEPLOYMENT_TARGET = 14.5;
				MTL_ENABLE_DEBUG_INFO = INCLUDE_SOURCE;
				MTL_FAST_MATH = YES;
				ONLY_ACTIVE_ARCH = YES;
				SDKROOT = iphoneos;
				SWIFT_ACTIVE_COMPILATION_CONDITIONS = DEBUG;
				SWIFT_OPTIMIZATION_LEVEL = "-Onone";
			};
			name = Debug;
		};
		156C65652812E4B600B1E234 /* Release */ = {
			isa = XCBuildConfiguration;
			buildSettings = {
				ALWAYS_SEARCH_USER_PATHS = NO;
				CLANG_ANALYZER_NONNULL = YES;
				CLANG_ANALYZER_NUMBER_OBJECT_CONVERSION = YES_AGGRESSIVE;
				CLANG_CXX_LANGUAGE_STANDARD = "gnu++14";
				CLANG_CXX_LIBRARY = "libc++";
				CLANG_ENABLE_MODULES = YES;
				CLANG_ENABLE_OBJC_ARC = YES;
				CLANG_ENABLE_OBJC_WEAK = YES;
				CLANG_WARN_BLOCK_CAPTURE_AUTORELEASING = YES;
				CLANG_WARN_BOOL_CONVERSION = YES;
				CLANG_WARN_COMMA = YES;
				CLANG_WARN_CONSTANT_CONVERSION = YES;
				CLANG_WARN_DEPRECATED_OBJC_IMPLEMENTATIONS = YES;
				CLANG_WARN_DIRECT_OBJC_ISA_USAGE = YES_ERROR;
				CLANG_WARN_DOCUMENTATION_COMMENTS = YES;
				CLANG_WARN_EMPTY_BODY = YES;
				CLANG_WARN_ENUM_CONVERSION = YES;
				CLANG_WARN_INFINITE_RECURSION = YES;
				CLANG_WARN_INT_CONVERSION = YES;
				CLANG_WARN_NON_LITERAL_NULL_CONVERSION = YES;
				CLANG_WARN_OBJC_IMPLICIT_RETAIN_SELF = YES;
				CLANG_WARN_OBJC_LITERAL_CONVERSION = YES;
				CLANG_WARN_OBJC_ROOT_CLASS = YES_ERROR;
				CLANG_WARN_QUOTED_INCLUDE_IN_FRAMEWORK_HEADER = YES;
				CLANG_WARN_RANGE_LOOP_ANALYSIS = YES;
				CLANG_WARN_STRICT_PROTOTYPES = YES;
				CLANG_WARN_SUSPICIOUS_MOVE = YES;
				CLANG_WARN_UNGUARDED_AVAILABILITY = YES_AGGRESSIVE;
				CLANG_WARN_UNREACHABLE_CODE = YES;
				CLANG_WARN__DUPLICATE_METHOD_MATCH = YES;
				COPY_PHASE_STRIP = NO;
				DEBUG_INFORMATION_FORMAT = "dwarf-with-dsym";
				ENABLE_NS_ASSERTIONS = NO;
				ENABLE_STRICT_OBJC_MSGSEND = YES;
				GCC_C_LANGUAGE_STANDARD = gnu11;
				GCC_NO_COMMON_BLOCKS = YES;
				GCC_WARN_64_TO_32_BIT_CONVERSION = YES;
				GCC_WARN_ABOUT_RETURN_TYPE = YES_ERROR;
				GCC_WARN_UNDECLARED_SELECTOR = YES;
				GCC_WARN_UNINITIALIZED_AUTOS = YES_AGGRESSIVE;
				GCC_WARN_UNUSED_FUNCTION = YES;
				GCC_WARN_UNUSED_VARIABLE = YES;
				IPHONEOS_DEPLOYMENT_TARGET = 14.5;
				MTL_ENABLE_DEBUG_INFO = NO;
				MTL_FAST_MATH = YES;
				SDKROOT = iphoneos;
				SWIFT_COMPILATION_MODE = wholemodule;
				SWIFT_OPTIMIZATION_LEVEL = "-O";
				VALIDATE_PRODUCT = YES;
			};
			name = Release;
		};
		156C65672812E4B600B1E234 /* Debug */ = {
			isa = XCBuildConfiguration;
			buildSettings = {
				ASSETCATALOG_COMPILER_APPICON_NAME = AppIcon;
				ASSETCATALOG_COMPILER_GLOBAL_ACCENT_COLOR_NAME = AccentColor;
				CODE_SIGN_STYLE = Automatic;
				DEVELOPMENT_TEAM = N4AY76W96D;
				INFOPLIST_FILE = Quads/Info.plist;
				LD_RUNPATH_SEARCH_PATHS = (
					"$(inherited)",
					"@executable_path/Frameworks",
				);
				PRODUCT_BUNDLE_IDENTIFIER = seyransaakyan.Quads;
				PRODUCT_NAME = "$(TARGET_NAME)";
				SWIFT_VERSION = 5.0;
				TARGETED_DEVICE_FAMILY = "1,2";
			};
			name = Debug;
		};
		156C65682812E4B600B1E234 /* Release */ = {
			isa = XCBuildConfiguration;
			buildSettings = {
				ASSETCATALOG_COMPILER_APPICON_NAME = AppIcon;
				ASSETCATALOG_COMPILER_GLOBAL_ACCENT_COLOR_NAME = AccentColor;
				CODE_SIGN_STYLE = Automatic;
				DEVELOPMENT_TEAM = N4AY76W96D;
				INFOPLIST_FILE = Quads/Info.plist;
				LD_RUNPATH_SEARCH_PATHS = (
					"$(inherited)",
					"@executable_path/Frameworks",
				);
				PRODUCT_BUNDLE_IDENTIFIER = seyransaakyan.Quads;
				PRODUCT_NAME = "$(TARGET_NAME)";
				SWIFT_VERSION = 5.0;
				TARGETED_DEVICE_FAMILY = "1,2";
			};
			name = Release;
		};
/* End XCBuildConfiguration section */

/* Begin XCConfigurationList section */
		156C654D2812E4A700B1E234 /* Build configuration list for PBXProject "Quads" */ = {
			isa = XCConfigurationList;
			buildConfigurations = (
				156C65642812E4B600B1E234 /* Debug */,
				156C65652812E4B600B1E234 /* Release */,
			);
			defaultConfigurationIsVisible = 0;
			defaultConfigurationName = Release;
		};
		156C65662812E4B600B1E234 /* Build configuration list for PBXNativeTarget "Quads" */ = {
			isa = XCConfigurationList;
			buildConfigurations = (
				156C65672812E4B600B1E234 /* Debug */,
				156C65682812E4B600B1E234 /* Release */,
			);
			defaultConfigurationIsVisible = 0;
			defaultConfigurationName = Release;
		};
/* End XCConfigurationList section */
	};
	rootObject = 156C654A2812E4A700B1E234 /* Project object */;
}
